{
  "name": "browse.wf",
  "version": "1.0.0",
  "lockfileVersion": 3,
  "requires": true,
  "packages": {
    "": {
      "name": "browse.wf",
      "version": "1.0.0",
      "license": "ISC",
      "dependencies": {
        "warframe-public-export-plus": "^0.5.86"
      }
    },
    "node_modules/warframe-public-export-plus": {
      "version": "0.5.86",
      "resolved": "https://registry.npmjs.org/warframe-public-export-plus/-/warframe-public-export-plus-0.5.86.tgz",
      "integrity": "sha512-tWJudKs4WdjFNiF6ipav9md3sboPXJFvSItTfSmT9ko+Xgg1QP75vS/qPsuPw67pqzMaSnAbHpEzNn/rZ4mCug=="
    }
  }
}
